
Microsoft Visual Studio Solution File, Format Version 12.00
# Visual Studio Version 17
VisualStudioVersion = 17.2.32505.173
MinimumVisualStudioVersion = 10.0.40219.1
Project("{FAE04EC0-301F-11D3-BF4B-00C04F79EFBC}") = "MetodosOrdenamiento", "MetodosOrdenamiento\MetodosOrdenamiento.csproj", "{5EAF5805-623B-4269-B02F-C48EA7F48F75}"
EndProject
Global
	GlobalSection(SolutionConfigurationPlatforms) = preSolution
		Debug|Any CPU = Debug|Any CPU
		Release|Any CPU = Release|Any CPU
	EndGlobalSection
	GlobalSection(ProjectConfigurationPlatforms) = postSolution
		{5EAF5805-623B-4269-B02F-C48EA7F48F75}.Debug|Any CPU.ActiveCfg = Debug|Any CPU
		{5EAF5805-623B-4269-B02F-C48EA7F48F75}.Debug|Any CPU.Build.0 = Debug|Any CPU
		{5EAF5805-623B-4269-B02F-C48EA7F48F75}.Release|Any CPU.ActiveCfg = Release|Any CPU
		{5EAF5805-623B-4269-B02F-C48EA7F48F75}.Release|Any CPU.Build.0 = Release|Any CPU
	EndGlobalSection
	GlobalSection(SolutionProperties) = preSolution
		HideSolutionNode = FALSE
	EndGlobalSection
	GlobalSection(ExtensibilityGlobals) = postSolution
		SolutionGuid = {35D3DB21-C69F-4F4D-B4D3-0AF5D12DD501}
	EndGlobalSection
EndGlobal
